// !$*UTF8*$!
{
	archiveVersion = 1;
	classes = {
	};
	objectVersion = 46;
	objects = {

/* Begin PBXBuildFile section */
		130B0CF61A924901007A20EB /* MatchHelper.swift in Sources */ = {isa = PBXBuildFile; fileRef = 130B0CF51A924901007A20EB /* MatchHelper.swift */; };
		131C14361A7E71DC00CE386D /* Unit.swift in Sources */ = {isa = PBXBuildFile; fileRef = 522708531A72F148009ED4DA /* Unit.swift */; };
		131D32491A86A7A50073310B /* Player.swift in Sources */ = {isa = PBXBuildFile; fileRef = 131D32481A86A7A50073310B /* Player.swift */; };
		131D324A1A86A7A50073310B /* Player.swift in Sources */ = {isa = PBXBuildFile; fileRef = 131D32481A86A7A50073310B /* Player.swift */; };
		13390A8E1A9692CC005949A1 /* GameKit.framework in Frameworks */ = {isa = PBXBuildFile; fileRef = 13390A8D1A9692CC005949A1 /* GameKit.framework */; };
		13541BE81AAF7BD200689C60 /* MatchHelper.swift in Sources */ = {isa = PBXBuildFile; fileRef = 130B0CF51A924901007A20EB /* MatchHelper.swift */; };
		13541BE91AAF7C9F00689C60 /* MainMenuViewController.swift in Sources */ = {isa = PBXBuildFile; fileRef = B841AEAB1AA6CFDA00D2A542 /* MainMenuViewController.swift */; };
		13541BEA1AAF7CA300689C60 /* GameViewController.swift in Sources */ = {isa = PBXBuildFile; fileRef = 1371013F1A701096009B807C /* GameViewController.swift */; };
		13541BEB1AAF7CC900689C60 /* GameScene.sks in Resources */ = {isa = PBXBuildFile; fileRef = 1371013B1A701096009B807C /* GameScene.sks */; };
		13541BEC1AAF7CE000689C60 /* GameScene.swift in Sources */ = {isa = PBXBuildFile; fileRef = 1371013D1A701096009B807C /* GameScene.swift */; };
		135B38AB1AD5A48E0065A2F0 /* smoke.sks in Resources */ = {isa = PBXBuildFile; fileRef = 135B38A91AD5A48E0065A2F0 /* smoke.sks */; };
		135B38AC1AD5A48E0065A2F0 /* spark.png in Resources */ = {isa = PBXBuildFile; fileRef = 135B38AA1AD5A48E0065A2F0 /* spark.png */; };
		135B38BF1AD5A7F50065A2F0 /* fire.sks in Resources */ = {isa = PBXBuildFile; fileRef = 135B38BD1AD5A7F50065A2F0 /* fire.sks */; };
		135B38C21AD5AF5F0065A2F0 /* explosion.sks in Resources */ = {isa = PBXBuildFile; fileRef = 135B38C11AD5AF5F0065A2F0 /* explosion.sks */; };
		135B38C91AD5B0F60065A2F0 /* blood.sks in Resources */ = {isa = PBXBuildFile; fileRef = 135B38C71AD5B0F60065A2F0 /* blood.sks */; };
		135B38CE1AD5B94A0065A2F0 /* AVFoundation.framework in Frameworks */ = {isa = PBXBuildFile; fileRef = 135B38CD1AD5B94A0065A2F0 /* AVFoundation.framework */; };
		135B38ED1AD5B9A10065A2F0 /* build-upgrade.wav in Resources */ = {isa = PBXBuildFile; fileRef = 135B38D01AD5B9A10065A2F0 /* build-upgrade.wav */; };
		135B38EE1AD5B9A10065A2F0 /* clairon-death.mp3 in Resources */ = {isa = PBXBuildFile; fileRef = 135B38D21AD5B9A10065A2F0 /* clairon-death.mp3 */; };
		135B38EF1AD5B9A10065A2F0 /* clairon-death2.mp3 in Resources */ = {isa = PBXBuildFile; fileRef = 135B38D31AD5B9A10065A2F0 /* clairon-death2.mp3 */; };
		135B38F01AD5B9A10065A2F0 /* clairon-extinction.mp3 in Resources */ = {isa = PBXBuildFile; fileRef = 135B38D41AD5B9A10065A2F0 /* clairon-extinction.mp3 */; };
		135B38F11AD5B9A10065A2F0 /* clairon-wakeup.mp3 in Resources */ = {isa = PBXBuildFile; fileRef = 135B38D51AD5B9A10065A2F0 /* clairon-wakeup.mp3 */; };
		135B38F21AD5B9A10065A2F0 /* tambour.mp3 in Resources */ = {isa = PBXBuildFile; fileRef = 135B38D61AD5B9A10065A2F0 /* tambour.mp3 */; };
		135B38F31AD5B9A10065A2F0 /* tambour2.mp3 in Resources */ = {isa = PBXBuildFile; fileRef = 135B38D71AD5B9A10065A2F0 /* tambour2.mp3 */; };
		135B38F41AD5B9A10065A2F0 /* trompette.mp3 in Resources */ = {isa = PBXBuildFile; fileRef = 135B38D81AD5B9A10065A2F0 /* trompette.mp3 */; };
		135B38F51AD5B9A10065A2F0 /* canon.mp3 in Resources */ = {isa = PBXBuildFile; fileRef = 135B38DA1AD5B9A10065A2F0 /* canon.mp3 */; };
		135B38F71AD5B9A10065A2F0 /* soldier.mp3 in Resources */ = {isa = PBXBuildFile; fileRef = 135B38DC1AD5B9A10065A2F0 /* soldier.mp3 */; };
		135B38F81AD5B9A10065A2F0 /* abattons.mp3 in Resources */ = {isa = PBXBuildFile; fileRef = 135B38DE1AD5B9A10065A2F0 /* abattons.mp3 */; };
		135B38F91AD5B9A10065A2F0 /* au combat.mp3 in Resources */ = {isa = PBXBuildFile; fileRef = 135B38DF1AD5B9A10065A2F0 /* au combat.mp3 */; };
		135B38FA1AD5B9A10065A2F0 /* chargez.mp3 in Resources */ = {isa = PBXBuildFile; fileRef = 135B38E01AD5B9A10065A2F0 /* chargez.mp3 */; };
		135B38FB1AD5B9A10065A2F0 /* ecrasons.mp3 in Resources */ = {isa = PBXBuildFile; fileRef = 135B38E11AD5B9A10065A2F0 /* ecrasons.mp3 */; };
		135B38FC1AD5B9A10065A2F0 /* en avant.mp3 in Resources */ = {isa = PBXBuildFile; fileRef = 135B38E21AD5B9A10065A2F0 /* en avant.mp3 */; };
		135B38FD1AD5B9A10065A2F0 /* pas de pitie.mp3 in Resources */ = {isa = PBXBuildFile; fileRef = 135B38E31AD5B9A10065A2F0 /* pas de pitie.mp3 */; };
		135B38FE1AD5B9A10065A2F0 /* pas de quartier.mp3 in Resources */ = {isa = PBXBuildFile; fileRef = 135B38E41AD5B9A10065A2F0 /* pas de quartier.mp3 */; };
		135B38FF1AD5B9A10065A2F0 /* rendez vous.mp3 in Resources */ = {isa = PBXBuildFile; fileRef = 135B38E51AD5B9A10065A2F0 /* rendez vous.mp3 */; };
		135B39001AD5B9A10065A2F0 /* a vos ordres.mp3 in Resources */ = {isa = PBXBuildFile; fileRef = 135B38E71AD5B9A10065A2F0 /* a vos ordres.mp3 */; };
		135B39011AD5B9A10065A2F0 /* attendons ordre.mp3 in Resources */ = {isa = PBXBuildFile; fileRef = 135B38E81AD5B9A10065A2F0 /* attendons ordre.mp3 */; };
		135B39021AD5B9A10065A2F0 /* recruit.mp3 in Resources */ = {isa = PBXBuildFile; fileRef = 135B38E91AD5B9A10065A2F0 /* recruit.mp3 */; };
		135B39031AD5B9A10065A2F0 /* oui capitaine.mp3 in Resources */ = {isa = PBXBuildFile; fileRef = 135B38EA1AD5B9A10065A2F0 /* oui capitaine.mp3 */; };
		135B39041AD5B9A10065A2F0 /* pour le roi.mp3 in Resources */ = {isa = PBXBuildFile; fileRef = 135B38EB1AD5B9A10065A2F0 /* pour le roi.mp3 */; };
		135B39051AD5B9A10065A2F0 /* pour notre souverain.mp3 in Resources */ = {isa = PBXBuildFile; fileRef = 135B38EC1AD5B9A10065A2F0 /* pour notre souverain.mp3 */; };
		135B39081AD5BDE40065A2F0 /* infantry.mp3 in Resources */ = {isa = PBXBuildFile; fileRef = 135B39061AD5BDE40065A2F0 /* infantry.mp3 */; };
		135B39091AD5BDE40065A2F0 /* peasant.mp3 in Resources */ = {isa = PBXBuildFile; fileRef = 135B39071AD5BDE40065A2F0 /* peasant.mp3 */; };
		135B390C1AD5BF4A0065A2F0 /* tree.mp3 in Resources */ = {isa = PBXBuildFile; fileRef = 135B390B1AD5BF4A0065A2F0 /* tree.mp3 */; };
		135B390F1AD5C5260065A2F0 /* background.wav in Resources */ = {isa = PBXBuildFile; fileRef = 135B390E1AD5C5260065A2F0 /* background.wav */; };
		135B39111AD5C8540065A2F0 /* background2.wav in Resources */ = {isa = PBXBuildFile; fileRef = 135B39101AD5C8540065A2F0 /* background2.wav */; };
		135B39151AD5CE430065A2F0 /* knight.mp3 in Resources */ = {isa = PBXBuildFile; fileRef = 135B39141AD5CE430065A2F0 /* knight.mp3 */; };
		135DC1421A783D7E00474073 /* Utilities.swift in Sources */ = {isa = PBXBuildFile; fileRef = 135DC1411A783D7E00474073 /* Utilities.swift */; };
		135DC1431A7849A800474073 /* Utilities.swift in Sources */ = {isa = PBXBuildFile; fileRef = 135DC1411A783D7E00474073 /* Utilities.swift */; };
		1371013A1A701096009B807C /* AppDelegate.swift in Sources */ = {isa = PBXBuildFile; fileRef = 137101391A701096009B807C /* AppDelegate.swift */; };
		1371013C1A701096009B807C /* GameScene.sks in Resources */ = {isa = PBXBuildFile; fileRef = 1371013B1A701096009B807C /* GameScene.sks */; };
		1371013E1A701096009B807C /* GameScene.swift in Sources */ = {isa = PBXBuildFile; fileRef = 1371013D1A701096009B807C /* GameScene.swift */; };
		137101401A701096009B807C /* GameViewController.swift in Sources */ = {isa = PBXBuildFile; fileRef = 1371013F1A701096009B807C /* GameViewController.swift */; };
		137101431A701096009B807C /* Main.storyboard in Resources */ = {isa = PBXBuildFile; fileRef = 137101411A701096009B807C /* Main.storyboard */; };
		137101451A701096009B807C /* Images.xcassets in Resources */ = {isa = PBXBuildFile; fileRef = 137101441A701096009B807C /* Images.xcassets */; };
		137101481A701096009B807C /* LaunchScreen.xib in Resources */ = {isa = PBXBuildFile; fileRef = 137101461A701096009B807C /* LaunchScreen.xib */; };
		137101541A701096009B807C /* hexGridTests.swift in Sources */ = {isa = PBXBuildFile; fileRef = 137101531A701096009B807C /* hexGridTests.swift */; };
		1371015E1A7010CE009B807C /* Constants.swift in Sources */ = {isa = PBXBuildFile; fileRef = 1371015D1A7010CE009B807C /* Constants.swift */; };
		137101601A701411009B807C /* Tile.swift in Sources */ = {isa = PBXBuildFile; fileRef = 1371015F1A701411009B807C /* Tile.swift */; };
		137101621A701B80009B807C /* Map.swift in Sources */ = {isa = PBXBuildFile; fileRef = 137101611A701B80009B807C /* Map.swift */; };
		139527741A7714D20019E3F4 /* Tile.swift in Sources */ = {isa = PBXBuildFile; fileRef = 1371015F1A701411009B807C /* Tile.swift */; };
		139527751A7714DC0019E3F4 /* Constants.swift in Sources */ = {isa = PBXBuildFile; fileRef = 1371015D1A7010CE009B807C /* Constants.swift */; };
		139527761A7714DE0019E3F4 /* Map.swift in Sources */ = {isa = PBXBuildFile; fileRef = 137101611A701B80009B807C /* Map.swift */; };
		139527771A7714E10019E3F4 /* HexGrid.swift in Sources */ = {isa = PBXBuildFile; fileRef = 13F84E1E1A72C1EF005322B7 /* HexGrid.swift */; };
		13AF2AA61A7803E100B4C67B /* mapTests.swift in Sources */ = {isa = PBXBuildFile; fileRef = 13AF2AA51A7803E100B4C67B /* mapTests.swift */; };
		13C428661ABB623E008E35BD /* 2.json in Resources */ = {isa = PBXBuildFile; fileRef = 13C428651ABB623E008E35BD /* 2.json */; };
		13CDF0CC1A8AA4D300E6AB9D /* TileTests.swift in Sources */ = {isa = PBXBuildFile; fileRef = 13CDF0CB1A8AA4D300E6AB9D /* TileTests.swift */; };
		13CE45AA1ACF70F4007455F3 /* MapSelectionViewController.swift in Sources */ = {isa = PBXBuildFile; fileRef = B882D0911ABE0C70006EA5F2 /* MapSelectionViewController.swift */; };
		13D24A341AA2523B00378490 /* Game.swift in Sources */ = {isa = PBXBuildFile; fileRef = 13D24A331AA2523B00378490 /* Game.swift */; };
		13D24A351AA256B400378490 /* Game.swift in Sources */ = {isa = PBXBuildFile; fileRef = 13D24A331AA2523B00378490 /* Game.swift */; };
		13E423E11AD76107006F692A /* Village.swift in Sources */ = {isa = PBXBuildFile; fileRef = 13E423E01AD76107006F692A /* Village.swift */; };
		13E423E21AD7614C006F692A /* Village.swift in Sources */ = {isa = PBXBuildFile; fileRef = 13E423E01AD76107006F692A /* Village.swift */; };
		13E423E41AD776A6006F692A /* 1.json in Resources */ = {isa = PBXBuildFile; fileRef = 13E423E31AD776A6006F692A /* 1.json */; };
		13EB1C191AD62187003C1826 /* attack.mp3 in Resources */ = {isa = PBXBuildFile; fileRef = 13EB1C181AD62187003C1826 /* attack.mp3 */; };
		13EB1C1B1AD62513003C1826 /* trample.mp3 in Resources */ = {isa = PBXBuildFile; fileRef = 13EB1C1A1AD62513003C1826 /* trample.mp3 */; };
		13F84E1F1A72C1EF005322B7 /* HexGrid.swift in Sources */ = {isa = PBXBuildFile; fileRef = 13F84E1E1A72C1EF005322B7 /* HexGrid.swift */; };
		5214D71D1ABCB4F500C7E26C /* PriorityQueue.swift in Sources */ = {isa = PBXBuildFile; fileRef = 5214D71C1ABCB4F500C7E26C /* PriorityQueue.swift */; };
		5214D71E1ABCB96500C7E26C /* PriorityQueue.swift in Sources */ = {isa = PBXBuildFile; fileRef = 5214D71C1ABCB4F500C7E26C /* PriorityQueue.swift */; };
		522683901A80765800E54870 /* villageTests.swift in Sources */ = {isa = PBXBuildFile; fileRef = 5226838F1A80765800E54870 /* villageTests.swift */; };
		522708541A72F148009ED4DA /* Unit.swift in Sources */ = {isa = PBXBuildFile; fileRef = 522708531A72F148009ED4DA /* Unit.swift */; };
		529549561ACCB6860024DBE0 /* 3.json in Resources */ = {isa = PBXBuildFile; fileRef = 529549551ACCB6860024DBE0 /* 3.json */; };
		5299B2791A8984F500EADED0 /* GameEngine.swift in Sources */ = {isa = PBXBuildFile; fileRef = 5299B2781A8984F500EADED0 /* GameEngine.swift */; };
		5299B27A1A89855600EADED0 /* GameEngine.swift in Sources */ = {isa = PBXBuildFile; fileRef = 5299B2781A8984F500EADED0 /* GameEngine.swift */; };
		529CE4911AD73B7B00FFB0DA /* horse.mp3 in Resources */ = {isa = PBXBuildFile; fileRef = 529CE4901AD73B7B00FFB0DA /* horse.mp3 */; };
		52A18F811ACD838E00E12BF7 /* 4.json in Resources */ = {isa = PBXBuildFile; fileRef = 52A18F801ACD838E00E12BF7 /* 4.json */; };
		52ADD5541A91372C00F5307D /* gameTests.swift in Sources */ = {isa = PBXBuildFile; fileRef = 52ADD5531A91372C00F5307D /* gameTests.swift */; };
		52CEDA3D1AC8ED000094E011 /* unitTests.swift in Sources */ = {isa = PBXBuildFile; fileRef = 52CEDA3C1AC8ED000094E011 /* unitTests.swift */; };
		B841AEAC1AA6CFDA00D2A542 /* MainMenuViewController.swift in Sources */ = {isa = PBXBuildFile; fileRef = B841AEAB1AA6CFDA00D2A542 /* MainMenuViewController.swift */; };
		B882D0921ABE0C70006EA5F2 /* MapSelectionViewController.swift in Sources */ = {isa = PBXBuildFile; fileRef = B882D0911ABE0C70006EA5F2 /* MapSelectionViewController.swift */; };
/* End PBXBuildFile section */

/* Begin PBXContainerItemProxy section */
		1371014E1A701096009B807C /* PBXContainerItemProxy */ = {
			isa = PBXContainerItemProxy;
			containerPortal = 1371012C1A701096009B807C /* Project object */;
			proxyType = 1;
			remoteGlobalIDString = 137101331A701096009B807C;
			remoteInfo = warfare;
		};
/* End PBXContainerItemProxy section */

/* Begin PBXFileReference section */
		130B0CF51A924901007A20EB /* MatchHelper.swift */ = {isa = PBXFileReference; fileEncoding = 4; lastKnownFileType = sourcecode.swift; name = MatchHelper.swift; path = Warfare/MatchHelper.swift; sourceTree = SOURCE_ROOT; };
		131D32481A86A7A50073310B /* Player.swift */ = {isa = PBXFileReference; fileEncoding = 4; lastKnownFileType = sourcecode.swift; name = Player.swift; path = Warfare/Player.swift; sourceTree = SOURCE_ROOT; };
		13390A8D1A9692CC005949A1 /* GameKit.framework */ = {isa = PBXFileReference; lastKnownFileType = wrapper.framework; name = GameKit.framework; path = System/Library/Frameworks/GameKit.framework; sourceTree = SDKROOT; };
		135B38A91AD5A48E0065A2F0 /* smoke.sks */ = {isa = PBXFileReference; lastKnownFileType = file.sks; name = smoke.sks; path = Warfare/smoke.sks; sourceTree = SOURCE_ROOT; };
		135B38AA1AD5A48E0065A2F0 /* spark.png */ = {isa = PBXFileReference; lastKnownFileType = image.png; name = spark.png; path = Warfare/spark.png; sourceTree = SOURCE_ROOT; };
		135B38BD1AD5A7F50065A2F0 /* fire.sks */ = {isa = PBXFileReference; lastKnownFileType = file.sks; name = fire.sks; path = ../fire.sks; sourceTree = "<group>"; };
		135B38C11AD5AF5F0065A2F0 /* explosion.sks */ = {isa = PBXFileReference; lastKnownFileType = file.sks; name = explosion.sks; path = Warfare/explosion.sks; sourceTree = SOURCE_ROOT; };
		135B38C71AD5B0F60065A2F0 /* blood.sks */ = {isa = PBXFileReference; lastKnownFileType = file.sks; name = blood.sks; path = ../blood.sks; sourceTree = "<group>"; };
		135B38CD1AD5B94A0065A2F0 /* AVFoundation.framework */ = {isa = PBXFileReference; lastKnownFileType = wrapper.framework; name = AVFoundation.framework; path = System/Library/Frameworks/AVFoundation.framework; sourceTree = SDKROOT; };
		135B38D01AD5B9A10065A2F0 /* build-upgrade.wav */ = {isa = PBXFileReference; lastKnownFileType = audio.wav; name = "build-upgrade.wav"; path = "../build-upgrade.wav"; sourceTree = "<group>"; };
		135B38D21AD5B9A10065A2F0 /* clairon-death.mp3 */ = {isa = PBXFileReference; lastKnownFileType = audio.mp3; path = "clairon-death.mp3"; sourceTree = "<group>"; };
		135B38D31AD5B9A10065A2F0 /* clairon-death2.mp3 */ = {isa = PBXFileReference; lastKnownFileType = audio.mp3; path = "clairon-death2.mp3"; sourceTree = "<group>"; };
		135B38D41AD5B9A10065A2F0 /* clairon-extinction.mp3 */ = {isa = PBXFileReference; lastKnownFileType = audio.mp3; path = "clairon-extinction.mp3"; sourceTree = "<group>"; };
		135B38D51AD5B9A10065A2F0 /* clairon-wakeup.mp3 */ = {isa = PBXFileReference; lastKnownFileType = audio.mp3; path = "clairon-wakeup.mp3"; sourceTree = "<group>"; };
		135B38D61AD5B9A10065A2F0 /* tambour.mp3 */ = {isa = PBXFileReference; lastKnownFileType = audio.mp3; path = tambour.mp3; sourceTree = "<group>"; };
		135B38D71AD5B9A10065A2F0 /* tambour2.mp3 */ = {isa = PBXFileReference; lastKnownFileType = audio.mp3; path = tambour2.mp3; sourceTree = "<group>"; };
		135B38D81AD5B9A10065A2F0 /* trompette.mp3 */ = {isa = PBXFileReference; lastKnownFileType = audio.mp3; path = trompette.mp3; sourceTree = "<group>"; };
		135B38DA1AD5B9A10065A2F0 /* canon.mp3 */ = {isa = PBXFileReference; lastKnownFileType = audio.mp3; path = canon.mp3; sourceTree = "<group>"; };
		135B38DC1AD5B9A10065A2F0 /* soldier.mp3 */ = {isa = PBXFileReference; lastKnownFileType = audio.mp3; path = soldier.mp3; sourceTree = "<group>"; };
		135B38DE1AD5B9A10065A2F0 /* abattons.mp3 */ = {isa = PBXFileReference; lastKnownFileType = audio.mp3; path = abattons.mp3; sourceTree = "<group>"; };
		135B38DF1AD5B9A10065A2F0 /* au combat.mp3 */ = {isa = PBXFileReference; lastKnownFileType = audio.mp3; path = "au combat.mp3"; sourceTree = "<group>"; };
		135B38E01AD5B9A10065A2F0 /* chargez.mp3 */ = {isa = PBXFileReference; lastKnownFileType = audio.mp3; path = chargez.mp3; sourceTree = "<group>"; };
		135B38E11AD5B9A10065A2F0 /* ecrasons.mp3 */ = {isa = PBXFileReference; lastKnownFileType = audio.mp3; path = ecrasons.mp3; sourceTree = "<group>"; };
		135B38E21AD5B9A10065A2F0 /* en avant.mp3 */ = {isa = PBXFileReference; lastKnownFileType = audio.mp3; path = "en avant.mp3"; sourceTree = "<group>"; };
		135B38E31AD5B9A10065A2F0 /* pas de pitie.mp3 */ = {isa = PBXFileReference; lastKnownFileType = audio.mp3; name = "pas de pitie.mp3"; path = "../move:attack/pas de pitie.mp3"; sourceTree = "<group>"; };
		135B38E41AD5B9A10065A2F0 /* pas de quartier.mp3 */ = {isa = PBXFileReference; lastKnownFileType = audio.mp3; name = "pas de quartier.mp3"; path = "../move:attack/pas de quartier.mp3"; sourceTree = "<group>"; };
		135B38E51AD5B9A10065A2F0 /* rendez vous.mp3 */ = {isa = PBXFileReference; lastKnownFileType = audio.mp3; path = "rendez vous.mp3"; sourceTree = "<group>"; };
		135B38E71AD5B9A10065A2F0 /* a vos ordres.mp3 */ = {isa = PBXFileReference; lastKnownFileType = audio.mp3; path = "a vos ordres.mp3"; sourceTree = "<group>"; };
		135B38E81AD5B9A10065A2F0 /* attendons ordre.mp3 */ = {isa = PBXFileReference; lastKnownFileType = audio.mp3; path = "attendons ordre.mp3"; sourceTree = "<group>"; };
		135B38E91AD5B9A10065A2F0 /* recruit.mp3 */ = {isa = PBXFileReference; lastKnownFileType = audio.mp3; name = recruit.mp3; path = "../new order/recruit.mp3"; sourceTree = "<group>"; };
		135B38EA1AD5B9A10065A2F0 /* oui capitaine.mp3 */ = {isa = PBXFileReference; lastKnownFileType = audio.mp3; path = "oui capitaine.mp3"; sourceTree = "<group>"; };
		135B38EB1AD5B9A10065A2F0 /* pour le roi.mp3 */ = {isa = PBXFileReference; lastKnownFileType = audio.mp3; name = "pour le roi.mp3"; path = "../pour le roi.mp3"; sourceTree = "<group>"; };
		135B38EC1AD5B9A10065A2F0 /* pour notre souverain.mp3 */ = {isa = PBXFileReference; lastKnownFileType = audio.mp3; name = "pour notre souverain.mp3"; path = "../pour notre souverain.mp3"; sourceTree = "<group>"; };
		135B39061AD5BDE40065A2F0 /* infantry.mp3 */ = {isa = PBXFileReference; lastKnownFileType = audio.mp3; path = infantry.mp3; sourceTree = "<group>"; };
		135B39071AD5BDE40065A2F0 /* peasant.mp3 */ = {isa = PBXFileReference; lastKnownFileType = audio.mp3; path = peasant.mp3; sourceTree = "<group>"; };
		135B390B1AD5BF4A0065A2F0 /* tree.mp3 */ = {isa = PBXFileReference; lastKnownFileType = audio.mp3; path = tree.mp3; sourceTree = "<group>"; };
		135B390E1AD5C5260065A2F0 /* background.wav */ = {isa = PBXFileReference; lastKnownFileType = audio.wav; path = background.wav; sourceTree = "<group>"; };
		135B39101AD5C8540065A2F0 /* background2.wav */ = {isa = PBXFileReference; lastKnownFileType = audio.wav; path = background2.wav; sourceTree = "<group>"; };
		135B39141AD5CE430065A2F0 /* knight.mp3 */ = {isa = PBXFileReference; lastKnownFileType = audio.mp3; path = knight.mp3; sourceTree = "<group>"; };
		135DC1411A783D7E00474073 /* Utilities.swift */ = {isa = PBXFileReference; fileEncoding = 4; lastKnownFileType = sourcecode.swift; name = Utilities.swift; path = Warfare/Utilities.swift; sourceTree = SOURCE_ROOT; };
		137101341A701096009B807C /* warfare.app */ = {isa = PBXFileReference; explicitFileType = wrapper.application; includeInIndex = 0; path = warfare.app; sourceTree = BUILT_PRODUCTS_DIR; };
		137101381A701096009B807C /* Info.plist */ = {isa = PBXFileReference; lastKnownFileType = text.plist.xml; path = Info.plist; sourceTree = "<group>"; };
		137101391A701096009B807C /* AppDelegate.swift */ = {isa = PBXFileReference; lastKnownFileType = sourcecode.swift; path = AppDelegate.swift; sourceTree = "<group>"; };
		1371013B1A701096009B807C /* GameScene.sks */ = {isa = PBXFileReference; lastKnownFileType = file.sks; path = GameScene.sks; sourceTree = "<group>"; };
		1371013D1A701096009B807C /* GameScene.swift */ = {isa = PBXFileReference; lastKnownFileType = sourcecode.swift; path = GameScene.swift; sourceTree = "<group>"; };
		1371013F1A701096009B807C /* GameViewController.swift */ = {isa = PBXFileReference; lastKnownFileType = sourcecode.swift; path = GameViewController.swift; sourceTree = "<group>"; usesTabs = 0; };
		137101421A701096009B807C /* Base */ = {isa = PBXFileReference; lastKnownFileType = file.storyboard; name = Base; path = Base.lproj/Main.storyboard; sourceTree = "<group>"; };
		137101441A701096009B807C /* Images.xcassets */ = {isa = PBXFileReference; lastKnownFileType = folder.assetcatalog; path = Images.xcassets; sourceTree = "<group>"; };
		137101471A701096009B807C /* Base */ = {isa = PBXFileReference; lastKnownFileType = file.xib; name = Base; path = Base.lproj/LaunchScreen.xib; sourceTree = "<group>"; };
		1371014D1A701096009B807C /* warfareTests.xctest */ = {isa = PBXFileReference; explicitFileType = wrapper.cfbundle; includeInIndex = 0; path = warfareTests.xctest; sourceTree = BUILT_PRODUCTS_DIR; };
		137101521A701096009B807C /* Info.plist */ = {isa = PBXFileReference; lastKnownFileType = text.plist.xml; path = Info.plist; sourceTree = "<group>"; };
		137101531A701096009B807C /* hexGridTests.swift */ = {isa = PBXFileReference; lastKnownFileType = sourcecode.swift; path = hexGridTests.swift; sourceTree = "<group>"; };
		1371015D1A7010CE009B807C /* Constants.swift */ = {isa = PBXFileReference; fileEncoding = 4; lastKnownFileType = sourcecode.swift; path = Constants.swift; sourceTree = "<group>"; usesTabs = 0; };
		1371015F1A701411009B807C /* Tile.swift */ = {isa = PBXFileReference; fileEncoding = 4; lastKnownFileType = sourcecode.swift; path = Tile.swift; sourceTree = "<group>"; usesTabs = 0; };
		137101611A701B80009B807C /* Map.swift */ = {isa = PBXFileReference; fileEncoding = 4; lastKnownFileType = sourcecode.swift; path = Map.swift; sourceTree = "<group>"; usesTabs = 0; };
		13AF2AA51A7803E100B4C67B /* mapTests.swift */ = {isa = PBXFileReference; fileEncoding = 4; lastKnownFileType = sourcecode.swift; name = mapTests.swift; path = WarfareTests/mapTests.swift; sourceTree = SOURCE_ROOT; };
		13C428651ABB623E008E35BD /* 2.json */ = {isa = PBXFileReference; fileEncoding = 4; lastKnownFileType = text.json; path = 2.json; sourceTree = "<group>"; };
		13CDF0CB1A8AA4D300E6AB9D /* TileTests.swift */ = {isa = PBXFileReference; fileEncoding = 4; lastKnownFileType = sourcecode.swift; name = TileTests.swift; path = WarfareTests/TileTests.swift; sourceTree = SOURCE_ROOT; };
		13D24A331AA2523B00378490 /* Game.swift */ = {isa = PBXFileReference; fileEncoding = 4; lastKnownFileType = sourcecode.swift; name = Game.swift; path = Warfare/Game.swift; sourceTree = SOURCE_ROOT; usesTabs = 0; };
		13E423E01AD76107006F692A /* Village.swift */ = {isa = PBXFileReference; fileEncoding = 4; lastKnownFileType = sourcecode.swift; name = Village.swift; path = Warfare/Village.swift; sourceTree = SOURCE_ROOT; };
		13E423E31AD776A6006F692A /* 1.json */ = {isa = PBXFileReference; fileEncoding = 4; lastKnownFileType = text.json; path = 1.json; sourceTree = "<group>"; };
		13EB1C181AD62187003C1826 /* attack.mp3 */ = {isa = PBXFileReference; lastKnownFileType = audio.mp3; name = attack.mp3; path = ../units/attack.mp3; sourceTree = "<group>"; };
		13EB1C1A1AD62513003C1826 /* trample.mp3 */ = {isa = PBXFileReference; lastKnownFileType = audio.mp3; name = trample.mp3; path = ../trample.mp3; sourceTree = "<group>"; };
		13F84E1E1A72C1EF005322B7 /* HexGrid.swift */ = {isa = PBXFileReference; fileEncoding = 4; lastKnownFileType = sourcecode.swift; path = HexGrid.swift; sourceTree = "<group>"; };
		5214D71C1ABCB4F500C7E26C /* PriorityQueue.swift */ = {isa = PBXFileReference; fileEncoding = 4; lastKnownFileType = sourcecode.swift; name = PriorityQueue.swift; path = Warfare/PriorityQueue.swift; sourceTree = SOURCE_ROOT; };
		5226838F1A80765800E54870 /* villageTests.swift */ = {isa = PBXFileReference; fileEncoding = 4; lastKnownFileType = sourcecode.swift; name = villageTests.swift; path = WarfareTests/villageTests.swift; sourceTree = SOURCE_ROOT; usesTabs = 0; };
		522708531A72F148009ED4DA /* Unit.swift */ = {isa = PBXFileReference; fileEncoding = 4; lastKnownFileType = sourcecode.swift; name = Unit.swift; path = Warfare/Unit.swift; sourceTree = SOURCE_ROOT; usesTabs = 0; };
		529549551ACCB6860024DBE0 /* 3.json */ = {isa = PBXFileReference; fileEncoding = 4; lastKnownFileType = text.json; name = 3.json; path = Warfare/3.json; sourceTree = SOURCE_ROOT; };
		5299B2781A8984F500EADED0 /* GameEngine.swift */ = {isa = PBXFileReference; fileEncoding = 4; lastKnownFileType = sourcecode.swift; name = GameEngine.swift; path = Warfare/GameEngine.swift; sourceTree = SOURCE_ROOT; usesTabs = 0; };
		529CE4901AD73B7B00FFB0DA /* horse.mp3 */ = {isa = PBXFileReference; lastKnownFileType = audio.mp3; path = horse.mp3; sourceTree = "<group>"; };
		52A18F801ACD838E00E12BF7 /* 4.json */ = {isa = PBXFileReference; fileEncoding = 4; lastKnownFileType = text.json; name = 4.json; path = Warfare/4.json; sourceTree = SOURCE_ROOT; };
		52ADD5531A91372C00F5307D /* gameTests.swift */ = {isa = PBXFileReference; fileEncoding = 4; lastKnownFileType = sourcecode.swift; name = gameTests.swift; path = WarfareTests/gameTests.swift; sourceTree = SOURCE_ROOT; usesTabs = 0; };
		52CEDA3C1AC8ED000094E011 /* unitTests.swift */ = {isa = PBXFileReference; fileEncoding = 4; lastKnownFileType = sourcecode.swift; name = unitTests.swift; path = WarfareTests/unitTests.swift; sourceTree = SOURCE_ROOT; };
		B841AEAB1AA6CFDA00D2A542 /* MainMenuViewController.swift */ = {isa = PBXFileReference; fileEncoding = 4; lastKnownFileType = sourcecode.swift; name = MainMenuViewController.swift; path = ../MainMenuViewController.swift; sourceTree = "<group>"; };
		B882D0911ABE0C70006EA5F2 /* MapSelectionViewController.swift */ = {isa = PBXFileReference; fileEncoding = 4; lastKnownFileType = sourcecode.swift; name = MapSelectionViewController.swift; path = Warfare/MapSelectionViewController.swift; sourceTree = SOURCE_ROOT; };
/* End PBXFileReference section */

/* Begin PBXFrameworksBuildPhase section */
		137101311A701096009B807C /* Frameworks */ = {
			isa = PBXFrameworksBuildPhase;
			buildActionMask = 2147483647;
			files = (
				135B38CE1AD5B94A0065A2F0 /* AVFoundation.framework in Frameworks */,
				13390A8E1A9692CC005949A1 /* GameKit.framework in Frameworks */,
			);
			runOnlyForDeploymentPostprocessing = 0;
		};
		1371014A1A701096009B807C /* Frameworks */ = {
			isa = PBXFrameworksBuildPhase;
			buildActionMask = 2147483647;
			files = (
			);
			runOnlyForDeploymentPostprocessing = 0;
		};
/* End PBXFrameworksBuildPhase section */

/* Begin PBXGroup section */
		132A65A91A8EAAC200D588B2 /* Maps */ = {
			isa = PBXGroup;
			children = (
				13E423E31AD776A6006F692A /* 1.json */,
				13C428651ABB623E008E35BD /* 2.json */,
				529549551ACCB6860024DBE0 /* 3.json */,
				52A18F801ACD838E00E12BF7 /* 4.json */,
			);
			name = Maps;
			sourceTree = "<group>";
		};
		135B38AD1AD5A4990065A2F0 /* Particles */ = {
			isa = PBXGroup;
			children = (
				135B38C71AD5B0F60065A2F0 /* blood.sks */,
				135B38A91AD5A48E0065A2F0 /* smoke.sks */,
				135B38BD1AD5A7F50065A2F0 /* fire.sks */,
				135B38C11AD5AF5F0065A2F0 /* explosion.sks */,
				135B38AA1AD5A48E0065A2F0 /* spark.png */,
			);
			name = Particles;
			sourceTree = "<group>";
		};
		135B38CF1AD5B9550065A2F0 /* Sounds */ = {
			isa = PBXGroup;
			children = (
				135B39101AD5C8540065A2F0 /* background2.wav */,
				135B390E1AD5C5260065A2F0 /* background.wav */,
				135B390A1AD5BF4A0065A2F0 /* other */,
				135B38D11AD5B9A10065A2F0 /* instruments musique */,
				135B38D91AD5B9A10065A2F0 /* units */,
				135B38DD1AD5B9A10065A2F0 /* action */,
				135B38E61AD5B9A10065A2F0 /* yes */,
			);
			name = Sounds;
			sourceTree = "<group>";
		};
		135B38D11AD5B9A10065A2F0 /* instruments musique */ = {
			isa = PBXGroup;
			children = (
				135B38D21AD5B9A10065A2F0 /* clairon-death.mp3 */,
				135B38D31AD5B9A10065A2F0 /* clairon-death2.mp3 */,
				135B38D41AD5B9A10065A2F0 /* clairon-extinction.mp3 */,
				135B38D51AD5B9A10065A2F0 /* clairon-wakeup.mp3 */,
				135B38D61AD5B9A10065A2F0 /* tambour.mp3 */,
				135B38D71AD5B9A10065A2F0 /* tambour2.mp3 */,
				135B38D81AD5B9A10065A2F0 /* trompette.mp3 */,
			);
			path = "instruments musique";
			sourceTree = "<group>";
		};
		135B38D91AD5B9A10065A2F0 /* units */ = {
			isa = PBXGroup;
			children = (
				529CE4901AD73B7B00FFB0DA /* horse.mp3 */,
				135B39061AD5BDE40065A2F0 /* infantry.mp3 */,
				135B39071AD5BDE40065A2F0 /* peasant.mp3 */,
				135B39141AD5CE430065A2F0 /* knight.mp3 */,
				135B38DA1AD5B9A10065A2F0 /* canon.mp3 */,
				135B38DC1AD5B9A10065A2F0 /* soldier.mp3 */,
			);
			path = units;
			sourceTree = "<group>";
		};
		135B38DD1AD5B9A10065A2F0 /* action */ = {
			isa = PBXGroup;
			children = (
				13EB1C1A1AD62513003C1826 /* trample.mp3 */,
				13EB1C181AD62187003C1826 /* attack.mp3 */,
				135B38E91AD5B9A10065A2F0 /* recruit.mp3 */,
				135B38D01AD5B9A10065A2F0 /* build-upgrade.wav */,
				135B38DE1AD5B9A10065A2F0 /* abattons.mp3 */,
				135B38DF1AD5B9A10065A2F0 /* au combat.mp3 */,
				135B38E01AD5B9A10065A2F0 /* chargez.mp3 */,
				135B38E11AD5B9A10065A2F0 /* ecrasons.mp3 */,
				135B38E21AD5B9A10065A2F0 /* en avant.mp3 */,
				135B38E51AD5B9A10065A2F0 /* rendez vous.mp3 */,
			);
			name = action;
			path = "move:attack";
			sourceTree = "<group>";
		};
		135B38E61AD5B9A10065A2F0 /* yes */ = {
			isa = PBXGroup;
			children = (
				135B38E31AD5B9A10065A2F0 /* pas de pitie.mp3 */,
				135B38E41AD5B9A10065A2F0 /* pas de quartier.mp3 */,
				135B38E71AD5B9A10065A2F0 /* a vos ordres.mp3 */,
				135B38E81AD5B9A10065A2F0 /* attendons ordre.mp3 */,
				135B38EB1AD5B9A10065A2F0 /* pour le roi.mp3 */,
				135B38EC1AD5B9A10065A2F0 /* pour notre souverain.mp3 */,
				135B38EA1AD5B9A10065A2F0 /* oui capitaine.mp3 */,
			);
			name = yes;
			path = "new order";
			sourceTree = "<group>";
		};
		135B390A1AD5BF4A0065A2F0 /* other */ = {
			isa = PBXGroup;
			children = (
				135B390B1AD5BF4A0065A2F0 /* tree.mp3 */,
			);
			path = other;
			sourceTree = "<group>";
		};
		1371012B1A701096009B807C = {
			isa = PBXGroup;
			children = (
				135B38CD1AD5B94A0065A2F0 /* AVFoundation.framework */,
				13390A8D1A9692CC005949A1 /* GameKit.framework */,
				137101361A701096009B807C /* warfare */,
				137101501A701096009B807C /* warfareTests */,
				137101351A701096009B807C /* Products */,
			);
			sourceTree = "<group>";
		};
		137101351A701096009B807C /* Products */ = {
			isa = PBXGroup;
			children = (
				137101341A701096009B807C /* warfare.app */,
				1371014D1A701096009B807C /* warfareTests.xctest */,
			);
			name = Products;
			sourceTree = "<group>";
		};
		137101361A701096009B807C /* warfare */ = {
			isa = PBXGroup;
			children = (
				137101391A701096009B807C /* AppDelegate.swift */,
				1371015D1A7010CE009B807C /* Constants.swift */,
				135DC1411A783D7E00474073 /* Utilities.swift */,
				1371015F1A701411009B807C /* Tile.swift */,
				137101611A701B80009B807C /* Map.swift */,
				131D32481A86A7A50073310B /* Player.swift */,
				522708531A72F148009ED4DA /* Unit.swift */,
				13F84E1E1A72C1EF005322B7 /* HexGrid.swift */,
				13D24A331AA2523B00378490 /* Game.swift */,
				5299B2781A8984F500EADED0 /* GameEngine.swift */,
				13E423E01AD76107006F692A /* Village.swift */,
				1371013B1A701096009B807C /* GameScene.sks */,
				1371013D1A701096009B807C /* GameScene.swift */,
				B841AEAB1AA6CFDA00D2A542 /* MainMenuViewController.swift */,
				1371013F1A701096009B807C /* GameViewController.swift */,
				B882D0911ABE0C70006EA5F2 /* MapSelectionViewController.swift */,
				130B0CF51A924901007A20EB /* MatchHelper.swift */,
				5214D71C1ABCB4F500C7E26C /* PriorityQueue.swift */,
				135B38CF1AD5B9550065A2F0 /* Sounds */,
				135B38AD1AD5A4990065A2F0 /* Particles */,
				132A65A91A8EAAC200D588B2 /* Maps */,
				137101411A701096009B807C /* Main.storyboard */,
				137101441A701096009B807C /* Images.xcassets */,
				137101461A701096009B807C /* LaunchScreen.xib */,
				137101371A701096009B807C /* Supporting Files */,
			);
			path = warfare;
			sourceTree = "<group>";
		};
		137101371A701096009B807C /* Supporting Files */ = {
			isa = PBXGroup;
			children = (
				137101381A701096009B807C /* Info.plist */,
			);
			name = "Supporting Files";
			sourceTree = "<group>";
		};
		137101501A701096009B807C /* warfareTests */ = {
			isa = PBXGroup;
			children = (
				137101531A701096009B807C /* hexGridTests.swift */,
				13AF2AA51A7803E100B4C67B /* mapTests.swift */,
				5226838F1A80765800E54870 /* villageTests.swift */,
				13CDF0CB1A8AA4D300E6AB9D /* TileTests.swift */,
				52CEDA3C1AC8ED000094E011 /* unitTests.swift */,
				52ADD5531A91372C00F5307D /* gameTests.swift */,
				137101511A701096009B807C /* Supporting Files */,
			);
			path = warfareTests;
			sourceTree = "<group>";
		};
		137101511A701096009B807C /* Supporting Files */ = {
			isa = PBXGroup;
			children = (
				137101521A701096009B807C /* Info.plist */,
			);
			name = "Supporting Files";
			sourceTree = "<group>";
		};
/* End PBXGroup section */

/* Begin PBXNativeTarget section */
		137101331A701096009B807C /* warfare */ = {
			isa = PBXNativeTarget;
			buildConfigurationList = 137101571A701096009B807C /* Build configuration list for PBXNativeTarget "warfare" */;
			buildPhases = (
				137101301A701096009B807C /* Sources */,
				137101311A701096009B807C /* Frameworks */,
				137101321A701096009B807C /* Resources */,
			);
			buildRules = (
			);
			dependencies = (
			);
			name = warfare;
			productName = warfare;
			productReference = 137101341A701096009B807C /* warfare.app */;
			productType = "com.apple.product-type.application";
		};
		1371014C1A701096009B807C /* warfareTests */ = {
			isa = PBXNativeTarget;
			buildConfigurationList = 1371015A1A701096009B807C /* Build configuration list for PBXNativeTarget "warfareTests" */;
			buildPhases = (
				137101491A701096009B807C /* Sources */,
				1371014A1A701096009B807C /* Frameworks */,
				1371014B1A701096009B807C /* Resources */,
			);
			buildRules = (
			);
			dependencies = (
				1371014F1A701096009B807C /* PBXTargetDependency */,
			);
			name = warfareTests;
			productName = warfareTests;
			productReference = 1371014D1A701096009B807C /* warfareTests.xctest */;
			productType = "com.apple.product-type.bundle.unit-test";
		};
/* End PBXNativeTarget section */

/* Begin PBXProject section */
		1371012C1A701096009B807C /* Project object */ = {
			isa = PBXProject;
			attributes = {
				LastUpgradeCheck = 0610;
				ORGANIZATIONNAME = "Justin Domingue";
				TargetAttributes = {
					137101331A701096009B807C = {
						CreatedOnToolsVersion = 6.1.1;
						DevelopmentTeam = 5655YQE5M4;
						SystemCapabilities = {
							com.apple.GameCenter = {
								enabled = 1;
							};
						};
					};
					1371014C1A701096009B807C = {
						CreatedOnToolsVersion = 6.1.1;
						TestTargetID = 137101331A701096009B807C;
					};
				};
			};
			buildConfigurationList = 1371012F1A701096009B807C /* Build configuration list for PBXProject "Warfare" */;
			compatibilityVersion = "Xcode 3.2";
			developmentRegion = English;
			hasScannedForEncodings = 0;
			knownRegions = (
				en,
				Base,
			);
			mainGroup = 1371012B1A701096009B807C;
			productRefGroup = 137101351A701096009B807C /* Products */;
			projectDirPath = "";
			projectRoot = "";
			targets = (
				137101331A701096009B807C /* warfare */,
				1371014C1A701096009B807C /* warfareTests */,
			);
		};
/* End PBXProject section */

/* Begin PBXResourcesBuildPhase section */
		137101321A701096009B807C /* Resources */ = {
			isa = PBXResourcesBuildPhase;
			buildActionMask = 2147483647;
			files = (
				135B38FB1AD5B9A10065A2F0 /* ecrasons.mp3 in Resources */,
				135B38FA1AD5B9A10065A2F0 /* chargez.mp3 in Resources */,
				135B38FF1AD5B9A10065A2F0 /* rendez vous.mp3 in Resources */,
				135B39051AD5B9A10065A2F0 /* pour notre souverain.mp3 in Resources */,
				135B38AB1AD5A48E0065A2F0 /* smoke.sks in Resources */,
				135B38F01AD5B9A10065A2F0 /* clairon-extinction.mp3 in Resources */,
				135B38F71AD5B9A10065A2F0 /* soldier.mp3 in Resources */,
				135B39011AD5B9A10065A2F0 /* attendons ordre.mp3 in Resources */,
				137101481A701096009B807C /* LaunchScreen.xib in Resources */,
				135B38F21AD5B9A10065A2F0 /* tambour.mp3 in Resources */,
				135B38FD1AD5B9A10065A2F0 /* pas de pitie.mp3 in Resources */,
				135B39001AD5B9A10065A2F0 /* a vos ordres.mp3 in Resources */,
				135B38C91AD5B0F60065A2F0 /* blood.sks in Resources */,
				135B390C1AD5BF4A0065A2F0 /* tree.mp3 in Resources */,
				13EB1C1B1AD62513003C1826 /* trample.mp3 in Resources */,
				135B38F31AD5B9A10065A2F0 /* tambour2.mp3 in Resources */,
				52A18F811ACD838E00E12BF7 /* 4.json in Resources */,
				13C428661ABB623E008E35BD /* 2.json in Resources */,
				135B38AC1AD5A48E0065A2F0 /* spark.png in Resources */,
				13E423E41AD776A6006F692A /* 1.json in Resources */,
				13EB1C191AD62187003C1826 /* attack.mp3 in Resources */,
				135B38F51AD5B9A10065A2F0 /* canon.mp3 in Resources */,
				135B38F41AD5B9A10065A2F0 /* trompette.mp3 in Resources */,
				135B38BF1AD5A7F50065A2F0 /* fire.sks in Resources */,
				135B39091AD5BDE40065A2F0 /* peasant.mp3 in Resources */,
				135B38ED1AD5B9A10065A2F0 /* build-upgrade.wav in Resources */,
				135B38EE1AD5B9A10065A2F0 /* clairon-death.mp3 in Resources */,
				135B39041AD5B9A10065A2F0 /* pour le roi.mp3 in Resources */,
				529549561ACCB6860024DBE0 /* 3.json in Resources */,
				135B39081AD5BDE40065A2F0 /* infantry.mp3 in Resources */,
				137101451A701096009B807C /* Images.xcassets in Resources */,
				135B38C21AD5AF5F0065A2F0 /* explosion.sks in Resources */,
				135B38F11AD5B9A10065A2F0 /* clairon-wakeup.mp3 in Resources */,
				135B39151AD5CE430065A2F0 /* knight.mp3 in Resources */,
				135B38FE1AD5B9A10065A2F0 /* pas de quartier.mp3 in Resources */,
				135B390F1AD5C5260065A2F0 /* background.wav in Resources */,
				135B39021AD5B9A10065A2F0 /* recruit.mp3 in Resources */,
				135B38EF1AD5B9A10065A2F0 /* clairon-death2.mp3 in Resources */,
				529CE4911AD73B7B00FFB0DA /* horse.mp3 in Resources */,
				135B38F81AD5B9A10065A2F0 /* abattons.mp3 in Resources */,
				135B38FC1AD5B9A10065A2F0 /* en avant.mp3 in Resources */,
				1371013C1A701096009B807C /* GameScene.sks in Resources */,
				135B38F91AD5B9A10065A2F0 /* au combat.mp3 in Resources */,
				137101431A701096009B807C /* Main.storyboard in Resources */,
				135B39111AD5C8540065A2F0 /* background2.wav in Resources */,
				135B39031AD5B9A10065A2F0 /* oui capitaine.mp3 in Resources */,
			);
			runOnlyForDeploymentPostprocessing = 0;
		};
		1371014B1A701096009B807C /* Resources */ = {
			isa = PBXResourcesBuildPhase;
			buildActionMask = 2147483647;
			files = (
				13541BEB1AAF7CC900689C60 /* GameScene.sks in Resources */,
			);
			runOnlyForDeploymentPostprocessing = 0;
		};
/* End PBXResourcesBuildPhase section */

/* Begin PBXSourcesBuildPhase section */
		137101301A701096009B807C /* Sources */ = {
			isa = PBXSourcesBuildPhase;
			buildActionMask = 2147483647;
			files = (
				1371013E1A701096009B807C /* GameScene.swift in Sources */,
				13E423E11AD76107006F692A /* Village.swift in Sources */,
				13D24A341AA2523B00378490 /* Game.swift in Sources */,
				5299B2791A8984F500EADED0 /* GameEngine.swift in Sources */,
				137101401A701096009B807C /* GameViewController.swift in Sources */,
				135DC1421A783D7E00474073 /* Utilities.swift in Sources */,
				137101601A701411009B807C /* Tile.swift in Sources */,
				131D32491A86A7A50073310B /* Player.swift in Sources */,
				13F84E1F1A72C1EF005322B7 /* HexGrid.swift in Sources */,
				130B0CF61A924901007A20EB /* MatchHelper.swift in Sources */,
				1371013A1A701096009B807C /* AppDelegate.swift in Sources */,
				522708541A72F148009ED4DA /* Unit.swift in Sources */,
				B841AEAC1AA6CFDA00D2A542 /* MainMenuViewController.swift in Sources */,
				137101621A701B80009B807C /* Map.swift in Sources */,
				1371015E1A7010CE009B807C /* Constants.swift in Sources */,
				B882D0921ABE0C70006EA5F2 /* MapSelectionViewController.swift in Sources */,
				5214D71D1ABCB4F500C7E26C /* PriorityQueue.swift in Sources */,
			);
			runOnlyForDeploymentPostprocessing = 0;
		};
		137101491A701096009B807C /* Sources */ = {
			isa = PBXSourcesBuildPhase;
			buildActionMask = 2147483647;
			files = (
				13D24A351AA256B400378490 /* Game.swift in Sources */,
				13541BEC1AAF7CE000689C60 /* GameScene.swift in Sources */,
				13CE45AA1ACF70F4007455F3 /* MapSelectionViewController.swift in Sources */,
				131D324A1A86A7A50073310B /* Player.swift in Sources */,
				522683901A80765800E54870 /* villageTests.swift in Sources */,
				13CDF0CC1A8AA4D300E6AB9D /* TileTests.swift in Sources */,
				5214D71E1ABCB96500C7E26C /* PriorityQueue.swift in Sources */,
				13541BEA1AAF7CA300689C60 /* GameViewController.swift in Sources */,
				52ADD5541A91372C00F5307D /* gameTests.swift in Sources */,
				137101541A701096009B807C /* hexGridTests.swift in Sources */,
				139527771A7714E10019E3F4 /* HexGrid.swift in Sources */,
				135DC1431A7849A800474073 /* Utilities.swift in Sources */,
				139527741A7714D20019E3F4 /* Tile.swift in Sources */,
				13541BE81AAF7BD200689C60 /* MatchHelper.swift in Sources */,
				139527761A7714DE0019E3F4 /* Map.swift in Sources */,
				13541BE91AAF7C9F00689C60 /* MainMenuViewController.swift in Sources */,
				13E423E21AD7614C006F692A /* Village.swift in Sources */,
				5299B27A1A89855600EADED0 /* GameEngine.swift in Sources */,
				52CEDA3D1AC8ED000094E011 /* unitTests.swift in Sources */,
				131C14361A7E71DC00CE386D /* Unit.swift in Sources */,
				13AF2AA61A7803E100B4C67B /* mapTests.swift in Sources */,
				139527751A7714DC0019E3F4 /* Constants.swift in Sources */,
			);
			runOnlyForDeploymentPostprocessing = 0;
		};
/* End PBXSourcesBuildPhase section */

/* Begin PBXTargetDependency section */
		1371014F1A701096009B807C /* PBXTargetDependency */ = {
			isa = PBXTargetDependency;
			target = 137101331A701096009B807C /* warfare */;
			targetProxy = 1371014E1A701096009B807C /* PBXContainerItemProxy */;
		};
/* End PBXTargetDependency section */

/* Begin PBXVariantGroup section */
		137101411A701096009B807C /* Main.storyboard */ = {
			isa = PBXVariantGroup;
			children = (
				137101421A701096009B807C /* Base */,
			);
			name = Main.storyboard;
			sourceTree = "<group>";
		};
		137101461A701096009B807C /* LaunchScreen.xib */ = {
			isa = PBXVariantGroup;
			children = (
				137101471A701096009B807C /* Base */,
			);
			name = LaunchScreen.xib;
			sourceTree = "<group>";
		};
/* End PBXVariantGroup section */

/* Begin XCBuildConfiguration section */
		137101551A701096009B807C /* Debug */ = {
			isa = XCBuildConfiguration;
			buildSettings = {
				ALWAYS_SEARCH_USER_PATHS = NO;
				CLANG_CXX_LANGUAGE_STANDARD = "gnu++0x";
				CLANG_CXX_LIBRARY = "libc++";
				CLANG_ENABLE_MODULES = YES;
				CLANG_ENABLE_OBJC_ARC = YES;
				CLANG_WARN_BOOL_CONVERSION = YES;
				CLANG_WARN_CONSTANT_CONVERSION = YES;
				CLANG_WARN_DIRECT_OBJC_ISA_USAGE = YES_ERROR;
				CLANG_WARN_EMPTY_BODY = YES;
				CLANG_WARN_ENUM_CONVERSION = YES;
				CLANG_WARN_INT_CONVERSION = YES;
				CLANG_WARN_OBJC_ROOT_CLASS = YES_ERROR;
				CLANG_WARN_UNREACHABLE_CODE = YES;
				CLANG_WARN__DUPLICATE_METHOD_MATCH = YES;
				"CODE_SIGN_IDENTITY[sdk=iphoneos*]" = "iPhone Developer";
				COPY_PHASE_STRIP = NO;
				ENABLE_STRICT_OBJC_MSGSEND = YES;
				GCC_C_LANGUAGE_STANDARD = gnu99;
				GCC_DYNAMIC_NO_PIC = NO;
				GCC_OPTIMIZATION_LEVEL = 0;
				GCC_PREPROCESSOR_DEFINITIONS = (
					"DEBUG=1",
					"$(inherited)",
				);
				GCC_SYMBOLS_PRIVATE_EXTERN = NO;
				GCC_WARN_64_TO_32_BIT_CONVERSION = YES;
				GCC_WARN_ABOUT_RETURN_TYPE = YES_ERROR;
				GCC_WARN_UNDECLARED_SELECTOR = YES;
				GCC_WARN_UNINITIALIZED_AUTOS = YES_AGGRESSIVE;
				GCC_WARN_UNUSED_FUNCTION = YES;
				GCC_WARN_UNUSED_VARIABLE = YES;
				IPHONEOS_DEPLOYMENT_TARGET = 8.1;
				MTL_ENABLE_DEBUG_INFO = YES;
				ONLY_ACTIVE_ARCH = YES;
				SDKROOT = iphoneos;
				SWIFT_OPTIMIZATION_LEVEL = "-Onone";
			};
			name = Debug;
		};
		137101561A701096009B807C /* Release */ = {
			isa = XCBuildConfiguration;
			buildSettings = {
				ALWAYS_SEARCH_USER_PATHS = NO;
				CLANG_CXX_LANGUAGE_STANDARD = "gnu++0x";
				CLANG_CXX_LIBRARY = "libc++";
				CLANG_ENABLE_MODULES = YES;
				CLANG_ENABLE_OBJC_ARC = YES;
				CLANG_WARN_BOOL_CONVERSION = YES;
				CLANG_WARN_CONSTANT_CONVERSION = YES;
				CLANG_WARN_DIRECT_OBJC_ISA_USAGE = YES_ERROR;
				CLANG_WARN_EMPTY_BODY = YES;
				CLANG_WARN_ENUM_CONVERSION = YES;
				CLANG_WARN_INT_CONVERSION = YES;
				CLANG_WARN_OBJC_ROOT_CLASS = YES_ERROR;
				CLANG_WARN_UNREACHABLE_CODE = YES;
				CLANG_WARN__DUPLICATE_METHOD_MATCH = YES;
				"CODE_SIGN_IDENTITY[sdk=iphoneos*]" = "iPhone Developer";
				COPY_PHASE_STRIP = YES;
				ENABLE_NS_ASSERTIONS = NO;
				ENABLE_STRICT_OBJC_MSGSEND = YES;
				GCC_C_LANGUAGE_STANDARD = gnu99;
				GCC_WARN_64_TO_32_BIT_CONVERSION = YES;
				GCC_WARN_ABOUT_RETURN_TYPE = YES_ERROR;
				GCC_WARN_UNDECLARED_SELECTOR = YES;
				GCC_WARN_UNINITIALIZED_AUTOS = YES_AGGRESSIVE;
				GCC_WARN_UNUSED_FUNCTION = YES;
				GCC_WARN_UNUSED_VARIABLE = YES;
				IPHONEOS_DEPLOYMENT_TARGET = 8.1;
				MTL_ENABLE_DEBUG_INFO = NO;
				SDKROOT = iphoneos;
				VALIDATE_PRODUCT = YES;
			};
			name = Release;
		};
		137101581A701096009B807C /* Debug */ = {
			isa = XCBuildConfiguration;
			buildSettings = {
				ASSETCATALOG_COMPILER_APPICON_NAME = AppIcon;
				CODE_SIGN_IDENTITY = "iPhone Developer";
				"CODE_SIGN_IDENTITY[sdk=iphoneos*]" = "iPhone Developer";
				INFOPLIST_FILE = warfare/Info.plist;
				LD_RUNPATH_SEARCH_PATHS = "$(inherited) @executable_path/Frameworks";
				PRODUCT_NAME = "$(TARGET_NAME)";
				PROVISIONING_PROFILE = "";
				TARGETED_DEVICE_FAMILY = "1,2";
			};
			name = Debug;
		};
		137101591A701096009B807C /* Release */ = {
			isa = XCBuildConfiguration;
			buildSettings = {
				ASSETCATALOG_COMPILER_APPICON_NAME = AppIcon;
				CODE_SIGN_IDENTITY = "iPhone Developer";
				"CODE_SIGN_IDENTITY[sdk=iphoneos*]" = "iPhone Developer";
				INFOPLIST_FILE = warfare/Info.plist;
				LD_RUNPATH_SEARCH_PATHS = "$(inherited) @executable_path/Frameworks";
				PRODUCT_NAME = "$(TARGET_NAME)";
				PROVISIONING_PROFILE = "";
				TARGETED_DEVICE_FAMILY = "1,2";
			};
			name = Release;
		};
		1371015B1A701096009B807C /* Debug */ = {
			isa = XCBuildConfiguration;
			buildSettings = {
				BUNDLE_LOADER = "$(TEST_HOST)";
				FRAMEWORK_SEARCH_PATHS = (
					"$(SDKROOT)/Developer/Library/Frameworks",
					"$(inherited)",
				);
				GCC_PREPROCESSOR_DEFINITIONS = (
					"DEBUG=1",
					"$(inherited)",
				);
				INFOPLIST_FILE = warfareTests/Info.plist;
				LD_RUNPATH_SEARCH_PATHS = "$(inherited) @executable_path/Frameworks @loader_path/Frameworks";
				PRODUCT_NAME = "$(TARGET_NAME)";
				TEST_HOST = "$(BUILT_PRODUCTS_DIR)/warfare.app/warfare";
			};
			name = Debug;
		};
		1371015C1A701096009B807C /* Release */ = {
			isa = XCBuildConfiguration;
			buildSettings = {
				BUNDLE_LOADER = "$(TEST_HOST)";
				FRAMEWORK_SEARCH_PATHS = (
					"$(SDKROOT)/Developer/Library/Frameworks",
					"$(inherited)",
				);
				INFOPLIST_FILE = warfareTests/Info.plist;
				LD_RUNPATH_SEARCH_PATHS = "$(inherited) @executable_path/Frameworks @loader_path/Frameworks";
				PRODUCT_NAME = "$(TARGET_NAME)";
				TEST_HOST = "$(BUILT_PRODUCTS_DIR)/warfare.app/warfare";
			};
			name = Release;
		};
/* End XCBuildConfiguration section */

/* Begin XCConfigurationList section */
		1371012F1A701096009B807C /* Build configuration list for PBXProject "Warfare" */ = {
			isa = XCConfigurationList;
			buildConfigurations = (
				137101551A701096009B807C /* Debug */,
				137101561A701096009B807C /* Release */,
			);
			defaultConfigurationIsVisible = 0;
			defaultConfigurationName = Release;
		};
		137101571A701096009B807C /* Build configuration list for PBXNativeTarget "warfare" */ = {
			isa = XCConfigurationList;
			buildConfigurations = (
				137101581A701096009B807C /* Debug */,
				137101591A701096009B807C /* Release */,
			);
			defaultConfigurationIsVisible = 0;
			defaultConfigurationName = Release;
		};
		1371015A1A701096009B807C /* Build configuration list for PBXNativeTarget "warfareTests" */ = {
			isa = XCConfigurationList;
			buildConfigurations = (
				1371015B1A701096009B807C /* Debug */,
				1371015C1A701096009B807C /* Release */,
			);
			defaultConfigurationIsVisible = 0;
			defaultConfigurationName = Release;
		};
/* End XCConfigurationList section */
	};
	rootObject = 1371012C1A701096009B807C /* Project object */;
}
